
Microsoft Visual Studio Solution File, Format Version 12.00
# Visual Studio Version 16
VisualStudioVersion = 16.0.31005.135
MinimumVisualStudioVersion = 10.0.40219.1
Project("{FAE04EC0-301F-11D3-BF4B-00C04F79EFBC}") = "SistemaVentas.Entidades", "SistemaVentas.Entidades\SistemaVentas.Entidades.csproj", "{6032078B-DBB6-4E6C-A741-D97867D38DB5}"
EndProject
Project("{FAE04EC0-301F-11D3-BF4B-00C04F79EFBC}") = "SistemaVentas.Datos", "SistemaVentas.Datos\SistemaVentas.Datos.csproj", "{4BE7074D-0CE3-40C9-A33E-8687B2C2D3F2}"
EndProject
Project("{FAE04EC0-301F-11D3-BF4B-00C04F79EFBC}") = "SistemaVentas.Web", "SistemaVentas.Web\SistemaVentas.Web.csproj", "{F4D5D766-88CE-489A-B863-B873FDE7D715}"
EndProject
Global
	GlobalSection(SolutionConfigurationPlatforms) = preSolution
		Debug|Any CPU = Debug|Any CPU
		Release|Any CPU = Release|Any CPU
	EndGlobalSection
	GlobalSection(ProjectConfigurationPlatforms) = postSolution
		{6032078B-DBB6-4E6C-A741-D97867D38DB5}.Debug|Any CPU.ActiveCfg = Debug|Any CPU
		{6032078B-DBB6-4E6C-A741-D97867D38DB5}.Debug|Any CPU.Build.0 = Debug|Any CPU
		{6032078B-DBB6-4E6C-A741-D97867D38DB5}.Release|Any CPU.ActiveCfg = Release|Any CPU
		{6032078B-DBB6-4E6C-A741-D97867D38DB5}.Release|Any CPU.Build.0 = Release|Any CPU
		{4BE7074D-0CE3-40C9-A33E-8687B2C2D3F2}.Debug|Any CPU.ActiveCfg = Debug|Any CPU
		{4BE7074D-0CE3-40C9-A33E-8687B2C2D3F2}.Debug|Any CPU.Build.0 = Debug|Any CPU
		{4BE7074D-0CE3-40C9-A33E-8687B2C2D3F2}.Release|Any CPU.ActiveCfg = Release|Any CPU
		{4BE7074D-0CE3-40C9-A33E-8687B2C2D3F2}.Release|Any CPU.Build.0 = Release|Any CPU
		{F4D5D766-88CE-489A-B863-B873FDE7D715}.Debug|Any CPU.ActiveCfg = Debug|Any CPU
		{F4D5D766-88CE-489A-B863-B873FDE7D715}.Debug|Any CPU.Build.0 = Debug|Any CPU
		{F4D5D766-88CE-489A-B863-B873FDE7D715}.Release|Any CPU.ActiveCfg = Release|Any CPU
		{F4D5D766-88CE-489A-B863-B873FDE7D715}.Release|Any CPU.Build.0 = Release|Any CPU
	EndGlobalSection
	GlobalSection(SolutionProperties) = preSolution
		HideSolutionNode = FALSE
	EndGlobalSection
	GlobalSection(ExtensibilityGlobals) = postSolution
		SolutionGuid = {C4F04109-29E2-4ACA-B286-B64E570123BA}
	EndGlobalSection
EndGlobal
